// !$*UTF8*$!
{
	archiveVersion = 1;
	classes = {
	};
	objectVersion = 46;
	objects = {

/* Begin PBXBuildFile section */
		38E6DF5D1E6F112600DF096B /* AppDelegate.swift in Sources */ = {isa = PBXBuildFile; fileRef = 38E6DF5C1E6F112600DF096B /* AppDelegate.swift */; };
		38E6DF5F1E6F112600DF096B /* ViewController.swift in Sources */ = {isa = PBXBuildFile; fileRef = 38E6DF5E1E6F112600DF096B /* ViewController.swift */; };
		38E6DF621E6F112600DF096B /* Main.storyboard in Resources */ = {isa = PBXBuildFile; fileRef = 38E6DF601E6F112600DF096B /* Main.storyboard */; };
		38E6DF641E6F112600DF096B /* Assets.xcassets in Resources */ = {isa = PBXBuildFile; fileRef = 38E6DF631E6F112600DF096B /* Assets.xcassets */; };
		38E6DF671E6F112600DF096B /* LaunchScreen.storyboard in Resources */ = {isa = PBXBuildFile; fileRef = 38E6DF651E6F112600DF096B /* LaunchScreen.storyboard */; };
/* End PBXBuildFile section */

/* Begin PBXFileReference section */
		38E6DF591E6F112500DF096B /* IOSTextFieldChangeListenerExample.app */ = {isa = PBXFileReference; explicitFileType = wrapper.application; includeInIndex = 0; path = IOSTextFieldChangeListenerExample.app; sourceTree = BUILT_PRODUCTS_DIR; };
		38E6DF5C1E6F112600DF096B /* AppDelegate.swift */ = {isa = PBXFileReference; lastKnownFileType = sourcecode.swift; path = AppDelegate.swift; sourceTree = "<group>"; };
		38E6DF5E1E6F112600DF096B /* ViewController.swift */ = {isa = PBXFileReference; lastKnownFileType = sourcecode.swift; path = ViewController.swift; sourceTree = "<group>"; };
		38E6DF611E6F112600DF096B /* Base */ = {isa = PBXFileReference; lastKnownFileType = file.storyboard; name = Base; path = Base.lproj/Main.storyboard; sourceTree = "<group>"; };
		38E6DF631E6F112600DF096B /* Assets.xcassets */ = {isa = PBXFileReference; lastKnownFileType = folder.assetcatalog; path = Assets.xcassets; sourceTree = "<group>"; };
		38E6DF661E6F112600DF096B /* Base */ = {isa = PBXFileReference; lastKnownFileType = file.storyboard; name = Base; path = Base.lproj/LaunchScreen.storyboard; sourceTree = "<group>"; };
		38E6DF681E6F112600DF096B /* Info.plist */ = {isa = PBXFileReference; lastKnownFileType = text.plist.xml; path = Info.plist; sourceTree = "<group>"; };
/* End PBXFileReference section */

/* Begin PBXFrameworksBuildPhase section */
		38E6DF561E6F112500DF096B /* Frameworks */ = {
			isa = PBXFrameworksBuildPhase;
			buildActionMask = 2147483647;
			files = (
			);
			runOnlyForDeploymentPostprocessing = 0;
		};
/* End PBXFrameworksBuildPhase section */

/* Begin PBXGroup section */
		38E6DF501E6F112500DF096B = {
			isa = PBXGroup;
			children = (
				38E6DF5B1E6F112500DF096B /* IOSTextFieldChangeListenerExample */,
				38E6DF5A1E6F112500DF096B /* Products */,
			);
			sourceTree = "<group>";
		};
		38E6DF5A1E6F112500DF096B /* Products */ = {
			isa = PBXGroup;
			children = (
				38E6DF591E6F112500DF096B /* IOSTextFieldChangeListenerExample.app */,
			);
			name = Products;
			sourceTree = "<group>";
		};
		38E6DF5B1E6F112500DF096B /* IOSTextFieldChangeListenerExample */ = {
			isa = PBXGroup;
			children = (
				38E6DF5C1E6F112600DF096B /* AppDelegate.swift */,
				38E6DF5E1E6F112600DF096B /* ViewController.swift */,
				38E6DF601E6F112600DF096B /* Main.storyboard */,
				38E6DF631E6F112600DF096B /* Assets.xcassets */,
				38E6DF651E6F112600DF096B /* LaunchScreen.storyboard */,
				38E6DF681E6F112600DF096B /* Info.plist */,
			);
			path = IOSTextFieldChangeListenerExample;
			sourceTree = "<group>";
		};
/* End PBXGroup section */

/* Begin PBXNativeTarget section */
		38E6DF581E6F112500DF096B /* IOSTextFieldChangeListenerExample */ = {
			isa = PBXNativeTarget;
			buildConfigurationList = 38E6DF6B1E6F112600DF096B /* Build configuration list for PBXNativeTarget "IOSTextFieldChangeListenerExample" */;
			buildPhases = (
				38E6DF551E6F112500DF096B /* Sources */,
				38E6DF561E6F112500DF096B /* Frameworks */,
				38E6DF571E6F112500DF096B /* Resources */,
			);
			buildRules = (
			);
			dependencies = (
			);
			name = IOSTextFieldChangeListenerExample;
			productName = IOSTextFieldChangeListenerExample;
			productReference = 38E6DF591E6F112500DF096B /* IOSTextFieldChangeListenerExample.app */;
			productType = "com.apple.product-type.application";
		};
/* End PBXNativeTarget section */

/* Begin PBXProject section */
		38E6DF511E6F112500DF096B /* Project object */ = {
			isa = PBXProject;
			attributes = {
				LastSwiftUpdateCheck = 0820;
				LastUpgradeCheck = 0820;
				ORGANIZATIONNAME = "Petho Alpar";
				TargetAttributes = {
					38E6DF581E6F112500DF096B = {
						CreatedOnToolsVersion = 8.2.1;
						DevelopmentTeam = W6554BJ8QH;
						ProvisioningStyle = Automatic;
					};
				};
			};
			buildConfigurationList = 38E6DF541E6F112500DF096B /* Build configuration list for PBXProject "IOSTextFieldChangeListenerExample" */;
			compatibilityVersion = "Xcode 3.2";
			developmentRegion = English;
			hasScannedForEncodings = 0;
			knownRegions = (
				en,
				Base,
			);
			mainGroup = 38E6DF501E6F112500DF096B;
			productRefGroup = 38E6DF5A1E6F112500DF096B /* Products */;
			projectDirPath = "";
			projectRoot = "";
			targets = (
				38E6DF581E6F112500DF096B /* IOSTextFieldChangeListenerExample */,
			);
		};
/* End PBXProject section */

/* Begin PBXResourcesBuildPhase section */
		38E6DF571E6F112500DF096B /* Resources */ = {
			isa = PBXResourcesBuildPhase;
			buildActionMask = 2147483647;
			files = (
				38E6DF671E6F112600DF096B /* LaunchScreen.storyboard in Resources */,
				38E6DF641E6F112600DF096B /* Assets.xcassets in Resources */,
				38E6DF621E6F112600DF096B /* Main.storyboard in Resources */,
			);
			runOnlyForDeploymentPostprocessing = 0;
		};
/* End PBXResourcesBuildPhase section */

/* Begin PBXSourcesBuildPhase section */
		38E6DF551E6F112500DF096B /* Sources */ = {
			isa = PBXSourcesBuildPhase;
			buildActionMask = 2147483647;
			files = (
				38E6DF5F1E6F112600DF096B /* ViewController.swift in Sources */,
				38E6DF5D1E6F112600DF096B /* AppDelegate.swift in Sources */,
			);
			runOnlyForDeploymentPostprocessing = 0;
		};
/* End PBXSourcesBuildPhase section */

/* Begin PBXVariantGroup section */
		38E6DF601E6F112600DF096B /* Main.storyboard */ = {
			isa = PBXVariantGroup;
			children = (
				38E6DF611E6F112600DF096B /* Base */,
			);
			name = Main.storyboard;
			sourceTree = "<group>";
		};
		38E6DF651E6F112600DF096B /* LaunchScreen.storyboard */ = {
			isa = PBXVariantGroup;
			children = (
				38E6DF661E6F112600DF096B /* Base */,
			);
			name = LaunchScreen.storyboard;
			sourceTree = "<group>";
		};
/* End PBXVariantGroup section */

/* Begin XCBuildConfiguration section */
		38E6DF691E6F112600DF096B /* Debug */ = {
			isa = XCBuildConfiguration;
			buildSettings = {
				ALWAYS_SEARCH_USER_PATHS = NO;
				CLANG_ANALYZER_NONNULL = YES;
				CLANG_CXX_LANGUAGE_STANDARD = "gnu++0x";
				CLANG_CXX_LIBRARY = "libc++";
				CLANG_ENABLE_MODULES = YES;
				CLANG_ENABLE_OBJC_ARC = YES;
				CLANG_WARN_BOOL_CONVERSION = YES;
				CLANG_WARN_CONSTANT_CONVERSION = YES;
				CLANG_WARN_DIRECT_OBJC_ISA_USAGE = YES_ERROR;
				CLANG_WARN_DOCUMENTATION_COMMENTS = YES;
				CLANG_WARN_EMPTY_BODY = YES;
				CLANG_WARN_ENUM_CONVERSION = YES;
				CLANG_WARN_INFINITE_RECURSION = YES;
				CLANG_WARN_INT_CONVERSION = YES;
				CLANG_WARN_OBJC_ROOT_CLASS = YES_ERROR;
				CLANG_WARN_SUSPICIOUS_MOVE = YES;
				CLANG_WARN_UNREACHABLE_CODE = YES;
				CLANG_WARN__DUPLICATE_METHOD_MATCH = YES;
				"CODE_SIGN_IDENTITY[sdk=iphoneos*]" = "iPhone Developer";
				COPY_PHASE_STRIP = NO;
				DEBUG_INFORMATION_FORMAT = dwarf;
				ENABLE_STRICT_OBJC_MSGSEND = YES;
				ENABLE_TESTABILITY = YES;
				GCC_C_LANGUAGE_STANDARD = gnu99;
				GCC_DYNAMIC_NO_PIC = NO;
				GCC_NO_COMMON_BLOCKS = YES;
				GCC_OPTIMIZATION_LEVEL = 0;
				GCC_PREPROCESSOR_DEFINITIONS = (
					"DEBUG=1",
					"$(inherited)",
				);
				GCC_WARN_64_TO_32_BIT_CONVERSION = YES;
				GCC_WARN_ABOUT_RETURN_TYPE = YES_ERROR;
				GCC_WARN_UNDECLARED_SELECTOR = YES;
				GCC_WARN_UNINITIALIZED_AUTOS = YES_AGGRESSIVE;
				GCC_WARN_UNUSED_FUNCTION = YES;
				GCC_WARN_UNUSED_VARIABLE = YES;
				IPHONEOS_DEPLOYMENT_TARGET = 10.2;
				MTL_ENABLE_DEBUG_INFO = YES;
				ONLY_ACTIVE_ARCH = YES;
				SDKROOT = iphoneos;
				SWIFT_ACTIVE_COMPILATION_CONDITIONS = DEBUG;
				SWIFT_OPTIMIZATION_LEVEL = "-Onone";
			};
			name = Debug;
		};
		38E6DF6A1E6F112600DF096B /* Release */ = {
			isa = XCBuildConfiguration;
			buildSettings = {
				ALWAYS_SEARCH_USER_PATHS = NO;
				CLANG_ANALYZER_NONNULL = YES;
				CLANG_CXX_LANGUAGE_STANDARD = "gnu++0x";
				CLANG_CXX_LIBRARY = "libc++";
				CLANG_ENABLE_MODULES = YES;
				CLANG_ENABLE_OBJC_ARC = YES;
				CLANG_WARN_BOOL_CONVERSION = YES;
				CLANG_WARN_CONSTANT_CONVERSION = YES;
				CLANG_WARN_DIRECT_OBJC_ISA_USAGE = YES_ERROR;
				CLANG_WARN_DOCUMENTATION_COMMENTS = YES;
				CLANG_WARN_EMPTY_BODY = YES;
				CLANG_WARN_ENUM_CONVERSION = YES;
				CLANG_WARN_INFINITE_RECURSION = YES;
				CLANG_WARN_INT_CONVERSION = YES;
				CLANG_WARN_OBJC_ROOT_CLASS = YES_ERROR;
				CLANG_WARN_SUSPICIOUS_MOVE = YES;
				CLANG_WARN_UNREACHABLE_CODE = YES;
				CLANG_WARN__DUPLICATE_METHOD_MATCH = YES;
				"CODE_SIGN_IDENTITY[sdk=iphoneos*]" = "iPhone Developer";
				COPY_PHASE_STRIP = NO;
				DEBUG_INFORMATION_FORMAT = "dwarf-with-dsym";
				ENABLE_NS_ASSERTIONS = NO;
				ENABLE_STRICT_OBJC_MSGSEND = YES;
				GCC_C_LANGUAGE_STANDARD = gnu99;
				GCC_NO_COMMON_BLOCKS = YES;
				GCC_WARN_64_TO_32_BIT_CONVERSION = YES;
				GCC_WARN_ABOUT_RETURN_TYPE = YES_ERROR;
				GCC_WARN_UNDECLARED_SELECTOR = YES;
				GCC_WARN_UNINITIALIZED_AUTOS = YES_AGGRESSIVE;
				GCC_WARN_UNUSED_FUNCTION = YES;
				GCC_WARN_UNUSED_VARIABLE = YES;
				IPHONEOS_DEPLOYMENT_TARGET = 10.2;
				MTL_ENABLE_DEBUG_INFO = NO;
				SDKROOT = iphoneos;
				SWIFT_OPTIMIZATION_LEVEL = "-Owholemodule";
				VALIDATE_PRODUCT = YES;
			};
			name = Release;
		};
		38E6DF6C1E6F112600DF096B /* Debug */ = {
			isa = XCBuildConfiguration;
			buildSettings = {
				ASSETCATALOG_COMPILER_APPICON_NAME = AppIcon;
				DEVELOPMENT_TEAM = W6554BJ8QH;
				INFOPLIST_FILE = IOSTextFieldChangeListenerExample/Info.plist;
				LD_RUNPATH_SEARCH_PATHS = "$(inherited) @executable_path/Frameworks";
				PRODUCT_BUNDLE_IDENTIFIER = com.pethoalpar.IOSTextFieldChangeListenerExample;
				PRODUCT_NAME = "$(TARGET_NAME)";
				SWIFT_VERSION = 3.0;
			};
			name = Debug;
		};
		38E6DF6D1E6F112600DF096B /* Release */ = {
			isa = XCBuildConfiguration;
			buildSettings = {
				ASSETCATALOG_COMPILER_APPICON_NAME = AppIcon;
				DEVELOPMENT_TEAM = W6554BJ8QH;
				INFOPLIST_FILE = IOSTextFieldChangeListenerExample/Info.plist;
				LD_RUNPATH_SEARCH_PATHS = "$(inherited) @executable_path/Frameworks";
				PRODUCT_BUNDLE_IDENTIFIER = com.pethoalpar.IOSTextFieldChangeListenerExample;
				PRODUCT_NAME = "$(TARGET_NAME)";
				SWIFT_VERSION = 3.0;
			};
			name = Release;
		};
/* End XCBuildConfiguration section */

/* Begin XCConfigurationList section */
		38E6DF541E6F112500DF096B /* Build configuration list for PBXProject "IOSTextFieldChangeListenerExample" */ = {
			isa = XCConfigurationList;
			buildConfigurations = (
				38E6DF691E6F112600DF096B /* Debug */,
				38E6DF6A1E6F112600DF096B /* Release */,
			);
			defaultConfigurationIsVisible = 0;
			defaultConfigurationName = Release;
		};
		38E6DF6B1E6F112600DF096B /* Build configuration list for PBXNativeTarget "IOSTextFieldChangeListenerExample" */ = {
			isa = XCConfigurationList;
			buildConfigurations = (
				38E6DF6C1E6F112600DF096B /* Debug */,
				38E6DF6D1E6F112600DF096B /* Release */,
			);
			defaultConfigurationIsVisible = 0;
		};
/* End XCConfigurationList section */
	};
	rootObject = 38E6DF511E6F112500DF096B /* Project object */;
}
